
Microsoft Visual Studio Solution File, Format Version 12.00
# Visual Studio Version 16
VisualStudioVersion = 16.0.31911.196
MinimumVisualStudioVersion = 10.0.40219.1
Project("{FAE04EC0-301F-11D3-BF4B-00C04F79EFBC}") = "MinuVorm", "MinuVorm.csproj", "{C821671A-171D-41D6-8032-737A44E9DB06}"
EndProject
Global
	GlobalSection(SolutionConfigurationPlatforms) = preSolution
		Debug|Any CPU = Debug|Any CPU
		Release|Any CPU = Release|Any CPU
	EndGlobalSection
	GlobalSection(ProjectConfigurationPlatforms) = postSolution
		{C821671A-171D-41D6-8032-737A44E9DB06}.Debug|Any CPU.ActiveCfg = Debug|Any CPU
		{C821671A-171D-41D6-8032-737A44E9DB06}.Debug|Any CPU.Build.0 = Debug|Any CPU
		{C821671A-171D-41D6-8032-737A44E9DB06}.Release|Any CPU.ActiveCfg = Release|Any CPU
		{C821671A-171D-41D6-8032-737A44E9DB06}.Release|Any CPU.Build.0 = Release|Any CPU
	EndGlobalSection
	GlobalSection(SolutionProperties) = preSolution
		HideSolutionNode = FALSE
	EndGlobalSection
	GlobalSection(ExtensibilityGlobals) = postSolution
		SolutionGuid = {21EC00C6-DAF3-4F94-A3BE-EB706AB5FCE7}
	EndGlobalSection
EndGlobal
